// !$*UTF8*$!
{
	archiveVersion = 1;
	classes = {
	};
	objectVersion = 50;
	objects = {

/* Begin PBXBuildFile section */
		AF809A8C22715FEF003AC83E /* AppDelegate.swift in Sources */ = {isa = PBXBuildFile; fileRef = AF809A8B22715FEF003AC83E /* AppDelegate.swift */; };
		AF809A9122715FEF003AC83E /* Main.storyboard in Resources */ = {isa = PBXBuildFile; fileRef = AF809A8F22715FEF003AC83E /* Main.storyboard */; };
		AF809A9322715FF0003AC83E /* Assets.xcassets in Resources */ = {isa = PBXBuildFile; fileRef = AF809A9222715FF0003AC83E /* Assets.xcassets */; };
		AF809A9622715FF0003AC83E /* LaunchScreen.storyboard in Resources */ = {isa = PBXBuildFile; fileRef = AF809A9422715FF0003AC83E /* LaunchScreen.storyboard */; };
/* End PBXBuildFile section */

/* Begin PBXFileReference section */
		AF809A8822715FEF003AC83E /* VAAST.app */ = {isa = PBXFileReference; explicitFileType = wrapper.application; includeInIndex = 0; path = VAAST.app; sourceTree = BUILT_PRODUCTS_DIR; };
		AF809A8B22715FEF003AC83E /* AppDelegate.swift */ = {isa = PBXFileReference; lastKnownFileType = sourcecode.swift; path = AppDelegate.swift; sourceTree = "<group>"; };
		AF809A9022715FEF003AC83E /* Base */ = {isa = PBXFileReference; lastKnownFileType = file.storyboard; name = Base; path = Base.lproj/Main.storyboard; sourceTree = "<group>"; };
		AF809A9222715FF0003AC83E /* Assets.xcassets */ = {isa = PBXFileReference; lastKnownFileType = folder.assetcatalog; path = Assets.xcassets; sourceTree = "<group>"; };
		AF809A9522715FF0003AC83E /* Base */ = {isa = PBXFileReference; lastKnownFileType = file.storyboard; name = Base; path = Base.lproj/LaunchScreen.storyboard; sourceTree = "<group>"; };
		AF809A9722715FF0003AC83E /* Info.plist */ = {isa = PBXFileReference; lastKnownFileType = text.plist.xml; path = Info.plist; sourceTree = "<group>"; };
/* End PBXFileReference section */

/* Begin PBXFrameworksBuildPhase section */
		AF809A8522715FEF003AC83E /* Frameworks */ = {
			isa = PBXFrameworksBuildPhase;
			buildActionMask = 2147483647;
			files = (
			);
			runOnlyForDeploymentPostprocessing = 0;
		};
/* End PBXFrameworksBuildPhase section */

/* Begin PBXGroup section */
		AF809A7F22715FEF003AC83E = {
			isa = PBXGroup;
			children = (
				AF809A9F2271601D003AC83E /* ViewController */,
				AF809A9D22715FFF003AC83E /* NetworkClient */,
				AF809A9E22715FFF003AC83E /* Model */,
				AF809A8A22715FEF003AC83E /* VAAST */,
				AF809A8922715FEF003AC83E /* Products */,
			);
			sourceTree = "<group>";
		};
		AF809A8922715FEF003AC83E /* Products */ = {
			isa = PBXGroup;
			children = (
				AF809A8822715FEF003AC83E /* VAAST.app */,
			);
			name = Products;
			sourceTree = "<group>";
		};
		AF809A8A22715FEF003AC83E /* VAAST */ = {
			isa = PBXGroup;
			children = (
				AF809A8B22715FEF003AC83E /* AppDelegate.swift */,
				AF809A8F22715FEF003AC83E /* Main.storyboard */,
				AF809A9222715FF0003AC83E /* Assets.xcassets */,
				AF809A9422715FF0003AC83E /* LaunchScreen.storyboard */,
				AF809A9722715FF0003AC83E /* Info.plist */,
			);
			path = VAAST;
			sourceTree = "<group>";
		};
		AF809A9D22715FFF003AC83E /* NetworkClient */ = {
			isa = PBXGroup;
			children = (
			);
			path = NetworkClient;
			sourceTree = "<group>";
		};
		AF809A9E22715FFF003AC83E /* Model */ = {
			isa = PBXGroup;
			children = (
			);
			name = Model;
			path = "New Group/Model";
			sourceTree = "<group>";
		};
		AF809A9F2271601D003AC83E /* ViewController */ = {
			isa = PBXGroup;
			children = (
			);
			path = ViewController;
			sourceTree = "<group>";
		};
/* End PBXGroup section */

/* Begin PBXNativeTarget section */
		AF809A8722715FEF003AC83E /* VAAST */ = {
			isa = PBXNativeTarget;
			buildConfigurationList = AF809A9A22715FF0003AC83E /* Build configuration list for PBXNativeTarget "VAAST" */;
			buildPhases = (
				AF809A8422715FEF003AC83E /* Sources */,
				AF809A8522715FEF003AC83E /* Frameworks */,
				AF809A8622715FEF003AC83E /* Resources */,
			);
			buildRules = (
			);
			dependencies = (
			);
			name = VAAST;
			productName = VAAST;
			productReference = AF809A8822715FEF003AC83E /* VAAST.app */;
			productType = "com.apple.product-type.application";
		};
/* End PBXNativeTarget section */

/* Begin PBXProject section */
		AF809A8022715FEF003AC83E /* Project object */ = {
			isa = PBXProject;
			attributes = {
				LastSwiftUpdateCheck = 1020;
				LastUpgradeCheck = 1020;
				ORGANIZATIONNAME = "Colin Smith";
				TargetAttributes = {
					AF809A8722715FEF003AC83E = {
						CreatedOnToolsVersion = 10.2.1;
					};
				};
			};
			buildConfigurationList = AF809A8322715FEF003AC83E /* Build configuration list for PBXProject "VAAST" */;
			compatibilityVersion = "Xcode 9.3";
			developmentRegion = en;
			hasScannedForEncodings = 0;
			knownRegions = (
				en,
				Base,
			);
			mainGroup = AF809A7F22715FEF003AC83E;
			productRefGroup = AF809A8922715FEF003AC83E /* Products */;
			projectDirPath = "";
			projectRoot = "";
			targets = (
				AF809A8722715FEF003AC83E /* VAAST */,
			);
		};
/* End PBXProject section */

/* Begin PBXResourcesBuildPhase section */
		AF809A8622715FEF003AC83E /* Resources */ = {
			isa = PBXResourcesBuildPhase;
			buildActionMask = 2147483647;
			files = (
				AF809A9622715FF0003AC83E /* LaunchScreen.storyboard in Resources */,
				AF809A9322715FF0003AC83E /* Assets.xcassets in Resources */,
				AF809A9122715FEF003AC83E /* Main.storyboard in Resources */,
			);
			runOnlyForDeploymentPostprocessing = 0;
		};
/* End PBXResourcesBuildPhase section */

/* Begin PBXSourcesBuildPhase section */
		AF809A8422715FEF003AC83E /* Sources */ = {
			isa = PBXSourcesBuildPhase;
			buildActionMask = 2147483647;
			files = (
				AF809A8C22715FEF003AC83E /* AppDelegate.swift in Sources */,
			);
			runOnlyForDeploymentPostprocessing = 0;
		};
/* End PBXSourcesBuildPhase section */

/* Begin PBXVariantGroup section */
		AF809A8F22715FEF003AC83E /* Main.storyboard */ = {
			isa = PBXVariantGroup;
			children = (
				AF809A9022715FEF003AC83E /* Base */,
			);
			name = Main.storyboard;
			sourceTree = "<group>";
		};
		AF809A9422715FF0003AC83E /* LaunchScreen.storyboard */ = {
			isa = PBXVariantGroup;
			children = (
				AF809A9522715FF0003AC83E /* Base */,
			);
			name = LaunchScreen.storyboard;
			sourceTree = "<group>";
		};
/* End PBXVariantGroup section */

/* Begin XCBuildConfiguration section */
		AF809A9822715FF0003AC83E /* Debug */ = {
			isa = XCBuildConfiguration;
			buildSettings = {
				ALWAYS_SEARCH_USER_PATHS = NO;
				CLANG_ANALYZER_NONNULL = YES;
				CLANG_ANALYZER_NUMBER_OBJECT_CONVERSION = YES_AGGRESSIVE;
				CLANG_CXX_LANGUAGE_STANDARD = "gnu++14";
				CLANG_CXX_LIBRARY = "libc++";
				CLANG_ENABLE_MODULES = YES;
				CLANG_ENABLE_OBJC_ARC = YES;
				CLANG_ENABLE_OBJC_WEAK = YES;
				CLANG_WARN_BLOCK_CAPTURE_AUTORELEASING = YES;
				CLANG_WARN_BOOL_CONVERSION = YES;
				CLANG_WARN_COMMA = YES;
				CLANG_WARN_CONSTANT_CONVERSION = YES;
				CLANG_WARN_DEPRECATED_OBJC_IMPLEMENTATIONS = YES;
				CLANG_WARN_DIRECT_OBJC_ISA_USAGE = YES_ERROR;
				CLANG_WARN_DOCUMENTATION_COMMENTS = YES;
				CLANG_WARN_EMPTY_BODY = YES;
				CLANG_WARN_ENUM_CONVERSION = YES;
				CLANG_WARN_INFINITE_RECURSION = YES;
				CLANG_WARN_INT_CONVERSION = YES;
				CLANG_WARN_NON_LITERAL_NULL_CONVERSION = YES;
				CLANG_WARN_OBJC_IMPLICIT_RETAIN_SELF = YES;
				CLANG_WARN_OBJC_LITERAL_CONVERSION = YES;
				CLANG_WARN_OBJC_ROOT_CLASS = YES_ERROR;
				CLANG_WARN_RANGE_LOOP_ANALYSIS = YES;
				CLANG_WARN_STRICT_PROTOTYPES = YES;
				CLANG_WARN_SUSPICIOUS_MOVE = YES;
				CLANG_WARN_UNGUARDED_AVAILABILITY = YES_AGGRESSIVE;
				CLANG_WARN_UNREACHABLE_CODE = YES;
				CLANG_WARN__DUPLICATE_METHOD_MATCH = YES;
				CODE_SIGN_IDENTITY = "iPhone Developer";
				COPY_PHASE_STRIP = NO;
				DEBUG_INFORMATION_FORMAT = dwarf;
				ENABLE_STRICT_OBJC_MSGSEND = YES;
				ENABLE_TESTABILITY = YES;
				GCC_C_LANGUAGE_STANDARD = gnu11;
				GCC_DYNAMIC_NO_PIC = NO;
				GCC_NO_COMMON_BLOCKS = YES;
				GCC_OPTIMIZATION_LEVEL = 0;
				GCC_PREPROCESSOR_DEFINITIONS = (
					"DEBUG=1",
					"$(inherited)",
				);
				GCC_WARN_64_TO_32_BIT_CONVERSION = YES;
				GCC_WARN_ABOUT_RETURN_TYPE = YES_ERROR;
				GCC_WARN_UNDECLARED_SELECTOR = YES;
				GCC_WARN_UNINITIALIZED_AUTOS = YES_AGGRESSIVE;
				GCC_WARN_UNUSED_FUNCTION = YES;
				GCC_WARN_UNUSED_VARIABLE = YES;
				IPHONEOS_DEPLOYMENT_TARGET = 12.2;
				MTL_ENABLE_DEBUG_INFO = INCLUDE_SOURCE;
				MTL_FAST_MATH = YES;
				ONLY_ACTIVE_ARCH = YES;
				SDKROOT = iphoneos;
				SWIFT_ACTIVE_COMPILATION_CONDITIONS = DEBUG;
				SWIFT_OPTIMIZATION_LEVEL = "-Onone";
			};
			name = Debug;
		};
		AF809A9922715FF0003AC83E /* Release */ = {
			isa = XCBuildConfiguration;
			buildSettings = {
				ALWAYS_SEARCH_USER_PATHS = NO;
				CLANG_ANALYZER_NONNULL = YES;
				CLANG_ANALYZER_NUMBER_OBJECT_CONVERSION = YES_AGGRESSIVE;
				CLANG_CXX_LANGUAGE_STANDARD = "gnu++14";
				CLANG_CXX_LIBRARY = "libc++";
				CLANG_ENABLE_MODULES = YES;
				CLANG_ENABLE_OBJC_ARC = YES;
				CLANG_ENABLE_OBJC_WEAK = YES;
				CLANG_WARN_BLOCK_CAPTURE_AUTORELEASING = YES;
				CLANG_WARN_BOOL_CONVERSION = YES;
				CLANG_WARN_COMMA = YES;
				CLANG_WARN_CONSTANT_CONVERSION = YES;
				CLANG_WARN_DEPRECATED_OBJC_IMPLEMENTATIONS = YES;
				CLANG_WARN_DIRECT_OBJC_ISA_USAGE = YES_ERROR;
				CLANG_WARN_DOCUMENTATION_COMMENTS = YES;
				CLANG_WARN_EMPTY_BODY = YES;
				CLANG_WARN_ENUM_CONVERSION = YES;
				CLANG_WARN_INFINITE_RECURSION = YES;
				CLANG_WARN_INT_CONVERSION = YES;
				CLANG_WARN_NON_LITERAL_NULL_CONVERSION = YES;
				CLANG_WARN_OBJC_IMPLICIT_RETAIN_SELF = YES;
				CLANG_WARN_OBJC_LITERAL_CONVERSION = YES;
				CLANG_WARN_OBJC_ROOT_CLASS = YES_ERROR;
				CLANG_WARN_RANGE_LOOP_ANALYSIS = YES;
				CLANG_WARN_STRICT_PROTOTYPES = YES;
				CLANG_WARN_SUSPICIOUS_MOVE = YES;
				CLANG_WARN_UNGUARDED_AVAILABILITY = YES_AGGRESSIVE;
				CLANG_WARN_UNREACHABLE_CODE = YES;
				CLANG_WARN__DUPLICATE_METHOD_MATCH = YES;
				CODE_SIGN_IDENTITY = "iPhone Developer";
				COPY_PHASE_STRIP = NO;
				DEBUG_INFORMATION_FORMAT = "dwarf-with-dsym";
				ENABLE_NS_ASSERTIONS = NO;
				ENABLE_STRICT_OBJC_MSGSEND = YES;
				GCC_C_LANGUAGE_STANDARD = gnu11;
				GCC_NO_COMMON_BLOCKS = YES;
				GCC_WARN_64_TO_32_BIT_CONVERSION = YES;
				GCC_WARN_ABOUT_RETURN_TYPE = YES_ERROR;
				GCC_WARN_UNDECLARED_SELECTOR = YES;
				GCC_WARN_UNINITIALIZED_AUTOS = YES_AGGRESSIVE;
				GCC_WARN_UNUSED_FUNCTION = YES;
				GCC_WARN_UNUSED_VARIABLE = YES;
				IPHONEOS_DEPLOYMENT_TARGET = 12.2;
				MTL_ENABLE_DEBUG_INFO = NO;
				MTL_FAST_MATH = YES;
				SDKROOT = iphoneos;
				SWIFT_COMPILATION_MODE = wholemodule;
				SWIFT_OPTIMIZATION_LEVEL = "-O";
				VALIDATE_PRODUCT = YES;
			};
			name = Release;
		};
		AF809A9B22715FF0003AC83E /* Debug */ = {
			isa = XCBuildConfiguration;
			buildSettings = {
				ASSETCATALOG_COMPILER_APPICON_NAME = AppIcon;
				CODE_SIGN_STYLE = Automatic;
				DEVELOPMENT_TEAM = 2779EQ3QB6;
				INFOPLIST_FILE = VAAST/Info.plist;
				LD_RUNPATH_SEARCH_PATHS = (
					"$(inherited)",
					"@executable_path/Frameworks",
				);
				PRODUCT_BUNDLE_IDENTIFIER = com.colinsmith.VAAST;
				PRODUCT_NAME = "$(TARGET_NAME)";
				SWIFT_VERSION = 5.0;
				TARGETED_DEVICE_FAMILY = "1,2";
			};
			name = Debug;
		};
		AF809A9C22715FF0003AC83E /* Release */ = {
			isa = XCBuildConfiguration;
			buildSettings = {
				ASSETCATALOG_COMPILER_APPICON_NAME = AppIcon;
				CODE_SIGN_STYLE = Automatic;
				DEVELOPMENT_TEAM = 2779EQ3QB6;
				INFOPLIST_FILE = VAAST/Info.plist;
				LD_RUNPATH_SEARCH_PATHS = (
					"$(inherited)",
					"@executable_path/Frameworks",
				);
				PRODUCT_BUNDLE_IDENTIFIER = com.colinsmith.VAAST;
				PRODUCT_NAME = "$(TARGET_NAME)";
				SWIFT_VERSION = 5.0;
				TARGETED_DEVICE_FAMILY = "1,2";
			};
			name = Release;
		};
/* End XCBuildConfiguration section */

/* Begin XCConfigurationList section */
		AF809A8322715FEF003AC83E /* Build configuration list for PBXProject "VAAST" */ = {
			isa = XCConfigurationList;
			buildConfigurations = (
				AF809A9822715FF0003AC83E /* Debug */,
				AF809A9922715FF0003AC83E /* Release */,
			);
			defaultConfigurationIsVisible = 0;
			defaultConfigurationName = Release;
		};
		AF809A9A22715FF0003AC83E /* Build configuration list for PBXNativeTarget "VAAST" */ = {
			isa = XCConfigurationList;
			buildConfigurations = (
				AF809A9B22715FF0003AC83E /* Debug */,
				AF809A9C22715FF0003AC83E /* Release */,
			);
			defaultConfigurationIsVisible = 0;
			defaultConfigurationName = Release;
		};
/* End XCConfigurationList section */
	};
	rootObject = AF809A8022715FEF003AC83E /* Project object */;
}
